// !$*UTF8*$!
{
	archiveVersion = 1;
	classes = {
	};
	objectVersion = 51;
	objects = {

/* Begin PBXBuildFile section */
		1459CF971D71E442DB8E5B4F /* Pods_EncodeAndDecodeEnum.framework in Frameworks */ = {isa = PBXBuildFile; fileRef = 09582B3244282A1D38D01E3F /* Pods_EncodeAndDecodeEnum.framework */; };
		4A528236CF697EDEBAEF2A7E /* Pods_EncodeAndDecodeEnumTests.framework in Frameworks */ = {isa = PBXBuildFile; fileRef = C6BD139ECCB4FF8FA71632F1 /* Pods_EncodeAndDecodeEnumTests.framework */; };
		E164C0DA24E4B79E00E64A6C /* .swiftlint.yml in Resources */ = {isa = PBXBuildFile; fileRef = E164C0D924E4B79E00E64A6C /* .swiftlint.yml */; };
		E1C64ED424E4BCDB00F405A7 /* AuthenticationType.swift in Sources */ = {isa = PBXBuildFile; fileRef = E1C64ED324E4BCDB00F405A7 /* AuthenticationType.swift */; };
		E1C64ED824E4BDCC00F405A7 /* AuthenticationTypeTests.swift in Sources */ = {isa = PBXBuildFile; fileRef = E1C64ED724E4BDCC00F405A7 /* AuthenticationTypeTests.swift */; };
		E1DC6BBC24E4A9D600DB0A2C /* ViewController.swift in Sources */ = {isa = PBXBuildFile; fileRef = E1DC6BB924E4A9D600DB0A2C /* ViewController.swift */; };
		E1DC6BBD24E4A9D600DB0A2C /* AppDelegate.swift in Sources */ = {isa = PBXBuildFile; fileRef = E1DC6BBA24E4A9D600DB0A2C /* AppDelegate.swift */; };
		E1DC6BC124E4AA7D00DB0A2C /* Assets.xcassets in Resources */ = {isa = PBXBuildFile; fileRef = E1DC6BBE24E4AA7D00DB0A2C /* Assets.xcassets */; };
		E1DC6BC624E4AAA500DB0A2C /* Main.storyboard in Resources */ = {isa = PBXBuildFile; fileRef = E1DC6BC424E4AAA400DB0A2C /* Main.storyboard */; };
		E1DC6BC724E4AAA500DB0A2C /* LaunchScreen.storyboard in Resources */ = {isa = PBXBuildFile; fileRef = E1DC6BC524E4AAA400DB0A2C /* LaunchScreen.storyboard */; };
/* End PBXBuildFile section */

/* Begin PBXContainerItemProxy section */
		E1DC6BA724E4A6F700DB0A2C /* PBXContainerItemProxy */ = {
			isa = PBXContainerItemProxy;
			containerPortal = E1DC6B8824E4A6F100DB0A2C /* Project object */;
			proxyType = 1;
			remoteGlobalIDString = E1DC6B8F24E4A6F100DB0A2C;
			remoteInfo = SwiftProjectTemplate;
		};
/* End PBXContainerItemProxy section */

/* Begin PBXFileReference section */
		0383C2CDCF31451FEC558866 /* Pods-SwiftProjectTemplateTests.release.xcconfig */ = {isa = PBXFileReference; includeInIndex = 1; lastKnownFileType = text.xcconfig; name = "Pods-SwiftProjectTemplateTests.release.xcconfig"; path = "Target Support Files/Pods-SwiftProjectTemplateTests/Pods-SwiftProjectTemplateTests.release.xcconfig"; sourceTree = "<group>"; };
		09582B3244282A1D38D01E3F /* Pods_EncodeAndDecodeEnum.framework */ = {isa = PBXFileReference; explicitFileType = wrapper.framework; includeInIndex = 0; path = Pods_EncodeAndDecodeEnum.framework; sourceTree = BUILT_PRODUCTS_DIR; };
		11F230F016A0ED2C5285D9ED /* Pods-SwiftProjectTemplate.release.xcconfig */ = {isa = PBXFileReference; includeInIndex = 1; lastKnownFileType = text.xcconfig; name = "Pods-SwiftProjectTemplate.release.xcconfig"; path = "Target Support Files/Pods-SwiftProjectTemplate/Pods-SwiftProjectTemplate.release.xcconfig"; sourceTree = "<group>"; };
		2F25E252C6B5BDB8E7A10D62 /* Pods-EncodeAndDecodeEnumTests.release.xcconfig */ = {isa = PBXFileReference; includeInIndex = 1; lastKnownFileType = text.xcconfig; name = "Pods-EncodeAndDecodeEnumTests.release.xcconfig"; path = "Target Support Files/Pods-EncodeAndDecodeEnumTests/Pods-EncodeAndDecodeEnumTests.release.xcconfig"; sourceTree = "<group>"; };
		6C18BDE93F89A513C9CF52B9 /* Pods-EncodeAndDecodeEnum.release.xcconfig */ = {isa = PBXFileReference; includeInIndex = 1; lastKnownFileType = text.xcconfig; name = "Pods-EncodeAndDecodeEnum.release.xcconfig"; path = "Target Support Files/Pods-EncodeAndDecodeEnum/Pods-EncodeAndDecodeEnum.release.xcconfig"; sourceTree = "<group>"; };
		774E1A01B72F78C6D6C77827 /* Pods-SwiftProjectTemplate.debug.xcconfig */ = {isa = PBXFileReference; includeInIndex = 1; lastKnownFileType = text.xcconfig; name = "Pods-SwiftProjectTemplate.debug.xcconfig"; path = "Target Support Files/Pods-SwiftProjectTemplate/Pods-SwiftProjectTemplate.debug.xcconfig"; sourceTree = "<group>"; };
		A859C036EB7870DE9EE2C68B /* Pods-EncodeAndDecodeEnum.debug.xcconfig */ = {isa = PBXFileReference; includeInIndex = 1; lastKnownFileType = text.xcconfig; name = "Pods-EncodeAndDecodeEnum.debug.xcconfig"; path = "Target Support Files/Pods-EncodeAndDecodeEnum/Pods-EncodeAndDecodeEnum.debug.xcconfig"; sourceTree = "<group>"; };
		C28D0BAAFB666B5A706A4C2B /* Pods-SwiftProjectTemplateTests.debug.xcconfig */ = {isa = PBXFileReference; includeInIndex = 1; lastKnownFileType = text.xcconfig; name = "Pods-SwiftProjectTemplateTests.debug.xcconfig"; path = "Target Support Files/Pods-SwiftProjectTemplateTests/Pods-SwiftProjectTemplateTests.debug.xcconfig"; sourceTree = "<group>"; };
		C6BD139ECCB4FF8FA71632F1 /* Pods_EncodeAndDecodeEnumTests.framework */ = {isa = PBXFileReference; explicitFileType = wrapper.framework; includeInIndex = 0; path = Pods_EncodeAndDecodeEnumTests.framework; sourceTree = BUILT_PRODUCTS_DIR; };
		E164C0D924E4B79E00E64A6C /* .swiftlint.yml */ = {isa = PBXFileReference; fileEncoding = 4; lastKnownFileType = text.yaml; path = .swiftlint.yml; sourceTree = "<group>"; };
		E1C64ED324E4BCDB00F405A7 /* AuthenticationType.swift */ = {isa = PBXFileReference; lastKnownFileType = sourcecode.swift; path = AuthenticationType.swift; sourceTree = "<group>"; };
		E1C64ED724E4BDCC00F405A7 /* AuthenticationTypeTests.swift */ = {isa = PBXFileReference; lastKnownFileType = sourcecode.swift; path = AuthenticationTypeTests.swift; sourceTree = "<group>"; };
		E1DC6B9024E4A6F100DB0A2C /* EncodeAndDecodeEnum.app */ = {isa = PBXFileReference; explicitFileType = wrapper.application; includeInIndex = 0; path = EncodeAndDecodeEnum.app; sourceTree = BUILT_PRODUCTS_DIR; };
		E1DC6BA624E4A6F700DB0A2C /* EncodeAndDecodeEnumTests.xctest */ = {isa = PBXFileReference; explicitFileType = wrapper.cfbundle; includeInIndex = 0; path = EncodeAndDecodeEnumTests.xctest; sourceTree = BUILT_PRODUCTS_DIR; };
		E1DC6BAC24E4A6F700DB0A2C /* Info.plist */ = {isa = PBXFileReference; lastKnownFileType = text.plist.xml; path = Info.plist; sourceTree = "<group>"; };
		E1DC6BB924E4A9D600DB0A2C /* ViewController.swift */ = {isa = PBXFileReference; fileEncoding = 4; lastKnownFileType = sourcecode.swift; path = ViewController.swift; sourceTree = "<group>"; };
		E1DC6BBA24E4A9D600DB0A2C /* AppDelegate.swift */ = {isa = PBXFileReference; fileEncoding = 4; lastKnownFileType = sourcecode.swift; path = AppDelegate.swift; sourceTree = "<group>"; };
		E1DC6BBE24E4AA7D00DB0A2C /* Assets.xcassets */ = {isa = PBXFileReference; lastKnownFileType = folder.assetcatalog; path = Assets.xcassets; sourceTree = "<group>"; };
		E1DC6BBF24E4AA7D00DB0A2C /* Info.plist */ = {isa = PBXFileReference; fileEncoding = 4; lastKnownFileType = text.plist.xml; path = Info.plist; sourceTree = "<group>"; };
		E1DC6BC424E4AAA400DB0A2C /* Main.storyboard */ = {isa = PBXFileReference; fileEncoding = 4; lastKnownFileType = file.storyboard; path = Main.storyboard; sourceTree = "<group>"; };
		E1DC6BC524E4AAA400DB0A2C /* LaunchScreen.storyboard */ = {isa = PBXFileReference; fileEncoding = 4; lastKnownFileType = file.storyboard; path = LaunchScreen.storyboard; sourceTree = "<group>"; };
		FCF763248BB82AC4A1BAFE7F /* Pods-EncodeAndDecodeEnumTests.debug.xcconfig */ = {isa = PBXFileReference; includeInIndex = 1; lastKnownFileType = text.xcconfig; name = "Pods-EncodeAndDecodeEnumTests.debug.xcconfig"; path = "Target Support Files/Pods-EncodeAndDecodeEnumTests/Pods-EncodeAndDecodeEnumTests.debug.xcconfig"; sourceTree = "<group>"; };
/* End PBXFileReference section */

/* Begin PBXFrameworksBuildPhase section */
		E1DC6B8D24E4A6F100DB0A2C /* Frameworks */ = {
			isa = PBXFrameworksBuildPhase;
			buildActionMask = 2147483647;
			files = (
				1459CF971D71E442DB8E5B4F /* Pods_EncodeAndDecodeEnum.framework in Frameworks */,
			);
			runOnlyForDeploymentPostprocessing = 0;
		};
		E1DC6BA324E4A6F700DB0A2C /* Frameworks */ = {
			isa = PBXFrameworksBuildPhase;
			buildActionMask = 2147483647;
			files = (
				4A528236CF697EDEBAEF2A7E /* Pods_EncodeAndDecodeEnumTests.framework in Frameworks */,
			);
			runOnlyForDeploymentPostprocessing = 0;
		};
/* End PBXFrameworksBuildPhase section */

/* Begin PBXGroup section */
		C5E8FE2FD1FCE920B071FC53 /* Frameworks */ = {
			isa = PBXGroup;
			children = (
				09582B3244282A1D38D01E3F /* Pods_EncodeAndDecodeEnum.framework */,
				C6BD139ECCB4FF8FA71632F1 /* Pods_EncodeAndDecodeEnumTests.framework */,
			);
			name = Frameworks;
			sourceTree = "<group>";
		};
		DE2CF67D0C55C07A4F07DFB3 /* Pods */ = {
			isa = PBXGroup;
			children = (
				774E1A01B72F78C6D6C77827 /* Pods-SwiftProjectTemplate.debug.xcconfig */,
				11F230F016A0ED2C5285D9ED /* Pods-SwiftProjectTemplate.release.xcconfig */,
				C28D0BAAFB666B5A706A4C2B /* Pods-SwiftProjectTemplateTests.debug.xcconfig */,
				0383C2CDCF31451FEC558866 /* Pods-SwiftProjectTemplateTests.release.xcconfig */,
				A859C036EB7870DE9EE2C68B /* Pods-EncodeAndDecodeEnum.debug.xcconfig */,
				6C18BDE93F89A513C9CF52B9 /* Pods-EncodeAndDecodeEnum.release.xcconfig */,
				FCF763248BB82AC4A1BAFE7F /* Pods-EncodeAndDecodeEnumTests.debug.xcconfig */,
				2F25E252C6B5BDB8E7A10D62 /* Pods-EncodeAndDecodeEnumTests.release.xcconfig */,
			);
			path = Pods;
			sourceTree = "<group>";
		};
		E1C64ED024E4BC8500F405A7 /* Scenes */ = {
			isa = PBXGroup;
			children = (
				E1DC6BB924E4A9D600DB0A2C /* ViewController.swift */,
			);
			path = Scenes;
			sourceTree = "<group>";
		};
		E1C64ED124E4BCC500F405A7 /* Domain */ = {
			isa = PBXGroup;
			children = (
				E1C64ED224E4BCCC00F405A7 /* Enums */,
			);
			path = Domain;
			sourceTree = "<group>";
		};
		E1C64ED224E4BCCC00F405A7 /* Enums */ = {
			isa = PBXGroup;
			children = (
				E1C64ED324E4BCDB00F405A7 /* AuthenticationType.swift */,
			);
			path = Enums;
			sourceTree = "<group>";
		};
		E1C64ED524E4BDA000F405A7 /* Domain */ = {
			isa = PBXGroup;
			children = (
				E1C64ED624E4BDAF00F405A7 /* Enums */,
			);
			path = Domain;
			sourceTree = "<group>";
		};
		E1C64ED624E4BDAF00F405A7 /* Enums */ = {
			isa = PBXGroup;
			children = (
				E1C64ED724E4BDCC00F405A7 /* AuthenticationTypeTests.swift */,
			);
			path = Enums;
			sourceTree = "<group>";
		};
		E1DC6B8724E4A6F100DB0A2C = {
			isa = PBXGroup;
			children = (
				E164C0D924E4B79E00E64A6C /* .swiftlint.yml */,
				E1DC6B9224E4A6F100DB0A2C /* EncodeAndDecodeEnum */,
				E1DC6BA924E4A6F700DB0A2C /* EncodeAndDecodeEnumTests */,
				E1DC6B9124E4A6F100DB0A2C /* Products */,
				DE2CF67D0C55C07A4F07DFB3 /* Pods */,
				C5E8FE2FD1FCE920B071FC53 /* Frameworks */,
			);
			sourceTree = "<group>";
		};
		E1DC6B9124E4A6F100DB0A2C /* Products */ = {
			isa = PBXGroup;
			children = (
				E1DC6B9024E4A6F100DB0A2C /* EncodeAndDecodeEnum.app */,
				E1DC6BA624E4A6F700DB0A2C /* EncodeAndDecodeEnumTests.xctest */,
			);
			name = Products;
			sourceTree = "<group>";
		};
		E1DC6B9224E4A6F100DB0A2C /* EncodeAndDecodeEnum */ = {
			isa = PBXGroup;
			children = (
				E1DC6BB724E4A9A100DB0A2C /* Resources */,
				E1DC6BB624E4A99C00DB0A2C /* Sources */,
			);
			path = EncodeAndDecodeEnum;
			sourceTree = "<group>";
		};
		E1DC6BA924E4A6F700DB0A2C /* EncodeAndDecodeEnumTests */ = {
			isa = PBXGroup;
			children = (
				E1C64ED524E4BDA000F405A7 /* Domain */,
				E1DC6BAC24E4A6F700DB0A2C /* Info.plist */,
			);
			path = EncodeAndDecodeEnumTests;
			sourceTree = "<group>";
		};
		E1DC6BB624E4A99C00DB0A2C /* Sources */ = {
			isa = PBXGroup;
			children = (
				E1DC6BBA24E4A9D600DB0A2C /* AppDelegate.swift */,
				E1C64ED124E4BCC500F405A7 /* Domain */,
				E1C64ED024E4BC8500F405A7 /* Scenes */,
			);
			path = Sources;
			sourceTree = "<group>";
		};
		E1DC6BB724E4A9A100DB0A2C /* Resources */ = {
			isa = PBXGroup;
			children = (
				E1DC6BC524E4AAA400DB0A2C /* LaunchScreen.storyboard */,
				E1DC6BC424E4AAA400DB0A2C /* Main.storyboard */,
				E1DC6BBE24E4AA7D00DB0A2C /* Assets.xcassets */,
				E1DC6BBF24E4AA7D00DB0A2C /* Info.plist */,
			);
			path = Resources;
			sourceTree = "<group>";
		};
/* End PBXGroup section */

/* Begin PBXNativeTarget section */
		E1DC6B8F24E4A6F100DB0A2C /* EncodeAndDecodeEnum */ = {
			isa = PBXNativeTarget;
			buildConfigurationList = E1DC6BAF24E4A6F700DB0A2C /* Build configuration list for PBXNativeTarget "EncodeAndDecodeEnum" */;
			buildPhases = (
				C0A684E4B1284248589A946E /* [CP] Check Pods Manifest.lock */,
				E1DC6B8C24E4A6F100DB0A2C /* Sources */,
				E1DC6B8D24E4A6F100DB0A2C /* Frameworks */,
				E1DC6B8E24E4A6F100DB0A2C /* Resources */,
				E130A79B24E4AC53001E1AA8 /* Lint */,
			);
			buildRules = (
			);
			dependencies = (
			);
			name = EncodeAndDecodeEnum;
			productName = SwiftProjectTemplate;
			productReference = E1DC6B9024E4A6F100DB0A2C /* EncodeAndDecodeEnum.app */;
			productType = "com.apple.product-type.application";
		};
		E1DC6BA524E4A6F700DB0A2C /* EncodeAndDecodeEnumTests */ = {
			isa = PBXNativeTarget;
			buildConfigurationList = E1DC6BB224E4A6F700DB0A2C /* Build configuration list for PBXNativeTarget "EncodeAndDecodeEnumTests" */;
			buildPhases = (
				C8A760FC9FA6816178686BC5 /* [CP] Check Pods Manifest.lock */,
				E1DC6BA224E4A6F700DB0A2C /* Sources */,
				E1DC6BA324E4A6F700DB0A2C /* Frameworks */,
				E1DC6BA424E4A6F700DB0A2C /* Resources */,
				E2611E2D39EAAE9B29810F45 /* [CP] Embed Pods Frameworks */,
			);
			buildRules = (
			);
			dependencies = (
				E1DC6BA824E4A6F700DB0A2C /* PBXTargetDependency */,
			);
			name = EncodeAndDecodeEnumTests;
			productName = SwiftProjectTemplateTests;
			productReference = E1DC6BA624E4A6F700DB0A2C /* EncodeAndDecodeEnumTests.xctest */;
			productType = "com.apple.product-type.bundle.unit-test";
		};
/* End PBXNativeTarget section */

/* Begin PBXProject section */
		E1DC6B8824E4A6F100DB0A2C /* Project object */ = {
			isa = PBXProject;
			attributes = {
				LastSwiftUpdateCheck = 1150;
				LastUpgradeCheck = 1150;
				ORGANIZATIONNAME = Experiments;
				TargetAttributes = {
					E1DC6B8F24E4A6F100DB0A2C = {
						CreatedOnToolsVersion = 11.5;
						LastSwiftMigration = 1150;
					};
					E1DC6BA524E4A6F700DB0A2C = {
						CreatedOnToolsVersion = 11.5;
						LastSwiftMigration = 1150;
						TestTargetID = E1DC6B8F24E4A6F100DB0A2C;
					};
				};
			};
			buildConfigurationList = E1DC6B8B24E4A6F100DB0A2C /* Build configuration list for PBXProject "EncodeAndDecodeEnum" */;
			compatibilityVersion = "Xcode 9.3";
			developmentRegion = en;
			hasScannedForEncodings = 0;
			knownRegions = (
				en,
				Base,
			);
			mainGroup = E1DC6B8724E4A6F100DB0A2C;
			productRefGroup = E1DC6B9124E4A6F100DB0A2C /* Products */;
			projectDirPath = "";
			projectRoot = "";
			targets = (
				E1DC6B8F24E4A6F100DB0A2C /* EncodeAndDecodeEnum */,
				E1DC6BA524E4A6F700DB0A2C /* EncodeAndDecodeEnumTests */,
			);
		};
/* End PBXProject section */

/* Begin PBXResourcesBuildPhase section */
		E1DC6B8E24E4A6F100DB0A2C /* Resources */ = {
			isa = PBXResourcesBuildPhase;
			buildActionMask = 2147483647;
			files = (
				E164C0DA24E4B79E00E64A6C /* .swiftlint.yml in Resources */,
				E1DC6BC624E4AAA500DB0A2C /* Main.storyboard in Resources */,
				E1DC6BC724E4AAA500DB0A2C /* LaunchScreen.storyboard in Resources */,
				E1DC6BC124E4AA7D00DB0A2C /* Assets.xcassets in Resources */,
			);
			runOnlyForDeploymentPostprocessing = 0;
		};
		E1DC6BA424E4A6F700DB0A2C /* Resources */ = {
			isa = PBXResourcesBuildPhase;
			buildActionMask = 2147483647;
			files = (
			);
			runOnlyForDeploymentPostprocessing = 0;
		};
/* End PBXResourcesBuildPhase section */

/* Begin PBXShellScriptBuildPhase section */
		C0A684E4B1284248589A946E /* [CP] Check Pods Manifest.lock */ = {
			isa = PBXShellScriptBuildPhase;
			buildActionMask = 2147483647;
			files = (
			);
			inputFileListPaths = (
			);
			inputPaths = (
				"${PODS_PODFILE_DIR_PATH}/Podfile.lock",
				"${PODS_ROOT}/Manifest.lock",
			);
			name = "[CP] Check Pods Manifest.lock";
			outputFileListPaths = (
			);
			outputPaths = (
				"$(DERIVED_FILE_DIR)/Pods-EncodeAndDecodeEnum-checkManifestLockResult.txt",
			);
			runOnlyForDeploymentPostprocessing = 0;
			shellPath = /bin/sh;
			shellScript = "diff \"${PODS_PODFILE_DIR_PATH}/Podfile.lock\" \"${PODS_ROOT}/Manifest.lock\" > /dev/null\nif [ $? != 0 ] ; then\n    # print error to STDERR\n    echo \"error: The sandbox is not in sync with the Podfile.lock. Run 'pod install' or update your CocoaPods installation.\" >&2\n    exit 1\nfi\n# This output is used by Xcode 'outputs' to avoid re-running this script phase.\necho \"SUCCESS\" > \"${SCRIPT_OUTPUT_FILE_0}\"\n";
			showEnvVarsInLog = 0;
		};
		C8A760FC9FA6816178686BC5 /* [CP] Check Pods Manifest.lock */ = {
			isa = PBXShellScriptBuildPhase;
			buildActionMask = 2147483647;
			files = (
			);
			inputFileListPaths = (
			);
			inputPaths = (
				"${PODS_PODFILE_DIR_PATH}/Podfile.lock",
				"${PODS_ROOT}/Manifest.lock",
			);
			name = "[CP] Check Pods Manifest.lock";
			outputFileListPaths = (
			);
			outputPaths = (
				"$(DERIVED_FILE_DIR)/Pods-EncodeAndDecodeEnumTests-checkManifestLockResult.txt",
			);
			runOnlyForDeploymentPostprocessing = 0;
			shellPath = /bin/sh;
			shellScript = "diff \"${PODS_PODFILE_DIR_PATH}/Podfile.lock\" \"${PODS_ROOT}/Manifest.lock\" > /dev/null\nif [ $? != 0 ] ; then\n    # print error to STDERR\n    echo \"error: The sandbox is not in sync with the Podfile.lock. Run 'pod install' or update your CocoaPods installation.\" >&2\n    exit 1\nfi\n# This output is used by Xcode 'outputs' to avoid re-running this script phase.\necho \"SUCCESS\" > \"${SCRIPT_OUTPUT_FILE_0}\"\n";
			showEnvVarsInLog = 0;
		};
		E130A79B24E4AC53001E1AA8 /* Lint */ = {
			isa = PBXShellScriptBuildPhase;
			buildActionMask = 2147483647;
			files = (
			);
			inputFileListPaths = (
			);
			inputPaths = (
			);
			name = Lint;
			outputFileListPaths = (
			);
			outputPaths = (
			);
			runOnlyForDeploymentPostprocessing = 0;
			shellPath = /bin/sh;
			shellScript = "\"${PODS_ROOT}/SwiftLint/swiftlint\"\n";
		};
		E2611E2D39EAAE9B29810F45 /* [CP] Embed Pods Frameworks */ = {
			isa = PBXShellScriptBuildPhase;
			buildActionMask = 2147483647;
			files = (
			);
			inputFileListPaths = (
				"${PODS_ROOT}/Target Support Files/Pods-EncodeAndDecodeEnumTests/Pods-EncodeAndDecodeEnumTests-frameworks-${CONFIGURATION}-input-files.xcfilelist",
			);
			name = "[CP] Embed Pods Frameworks";
			outputFileListPaths = (
				"${PODS_ROOT}/Target Support Files/Pods-EncodeAndDecodeEnumTests/Pods-EncodeAndDecodeEnumTests-frameworks-${CONFIGURATION}-output-files.xcfilelist",
			);
			runOnlyForDeploymentPostprocessing = 0;
			shellPath = /bin/sh;
			shellScript = "\"${PODS_ROOT}/Target Support Files/Pods-EncodeAndDecodeEnumTests/Pods-EncodeAndDecodeEnumTests-frameworks.sh\"\n";
			showEnvVarsInLog = 0;
		};
/* End PBXShellScriptBuildPhase section */

/* Begin PBXSourcesBuildPhase section */
		E1DC6B8C24E4A6F100DB0A2C /* Sources */ = {
			isa = PBXSourcesBuildPhase;
			buildActionMask = 2147483647;
			files = (
				E1C64ED424E4BCDB00F405A7 /* AuthenticationType.swift in Sources */,
				E1DC6BBD24E4A9D600DB0A2C /* AppDelegate.swift in Sources */,
				E1DC6BBC24E4A9D600DB0A2C /* ViewController.swift in Sources */,
			);
			runOnlyForDeploymentPostprocessing = 0;
		};
		E1DC6BA224E4A6F700DB0A2C /* Sources */ = {
			isa = PBXSourcesBuildPhase;
			buildActionMask = 2147483647;
			files = (
				E1C64ED824E4BDCC00F405A7 /* AuthenticationTypeTests.swift in Sources */,
			);
			runOnlyForDeploymentPostprocessing = 0;
		};
/* End PBXSourcesBuildPhase section */

/* Begin PBXTargetDependency section */
		E1DC6BA824E4A6F700DB0A2C /* PBXTargetDependency */ = {
			isa = PBXTargetDependency;
			target = E1DC6B8F24E4A6F100DB0A2C /* EncodeAndDecodeEnum */;
			targetProxy = E1DC6BA724E4A6F700DB0A2C /* PBXContainerItemProxy */;
		};
/* End PBXTargetDependency section */

/* Begin XCBuildConfiguration section */
		E1DC6BAD24E4A6F700DB0A2C /* Debug */ = {
			isa = XCBuildConfiguration;
			buildSettings = {
				ALWAYS_SEARCH_USER_PATHS = NO;
				CLANG_ANALYZER_NONNULL = YES;
				CLANG_ANALYZER_NUMBER_OBJECT_CONVERSION = YES_AGGRESSIVE;
				CLANG_CXX_LANGUAGE_STANDARD = "gnu++14";
				CLANG_CXX_LIBRARY = "libc++";
				CLANG_ENABLE_MODULES = YES;
				CLANG_ENABLE_OBJC_ARC = YES;
				CLANG_ENABLE_OBJC_WEAK = YES;
				CLANG_WARN_BLOCK_CAPTURE_AUTORELEASING = YES;
				CLANG_WARN_BOOL_CONVERSION = YES;
				CLANG_WARN_COMMA = YES;
				CLANG_WARN_CONSTANT_CONVERSION = YES;
				CLANG_WARN_DEPRECATED_OBJC_IMPLEMENTATIONS = YES;
				CLANG_WARN_DIRECT_OBJC_ISA_USAGE = YES_ERROR;
				CLANG_WARN_DOCUMENTATION_COMMENTS = YES;
				CLANG_WARN_EMPTY_BODY = YES;
				CLANG_WARN_ENUM_CONVERSION = YES;
				CLANG_WARN_INFINITE_RECURSION = YES;
				CLANG_WARN_INT_CONVERSION = YES;
				CLANG_WARN_NON_LITERAL_NULL_CONVERSION = YES;
				CLANG_WARN_OBJC_IMPLICIT_RETAIN_SELF = YES;
				CLANG_WARN_OBJC_LITERAL_CONVERSION = YES;
				CLANG_WARN_OBJC_ROOT_CLASS = YES_ERROR;
				CLANG_WARN_RANGE_LOOP_ANALYSIS = YES;
				CLANG_WARN_STRICT_PROTOTYPES = YES;
				CLANG_WARN_SUSPICIOUS_MOVE = YES;
				CLANG_WARN_UNGUARDED_AVAILABILITY = YES_AGGRESSIVE;
				CLANG_WARN_UNREACHABLE_CODE = YES;
				CLANG_WARN__DUPLICATE_METHOD_MATCH = YES;
				COPY_PHASE_STRIP = NO;
				DEBUG_INFORMATION_FORMAT = dwarf;
				ENABLE_STRICT_OBJC_MSGSEND = YES;
				ENABLE_TESTABILITY = YES;
				GCC_C_LANGUAGE_STANDARD = gnu11;
				GCC_DYNAMIC_NO_PIC = NO;
				GCC_NO_COMMON_BLOCKS = YES;
				GCC_OPTIMIZATION_LEVEL = 0;
				GCC_PREPROCESSOR_DEFINITIONS = (
					"DEBUG=1",
					"$(inherited)",
				);
				GCC_WARN_64_TO_32_BIT_CONVERSION = YES;
				GCC_WARN_ABOUT_RETURN_TYPE = YES_ERROR;
				GCC_WARN_UNDECLARED_SELECTOR = YES;
				GCC_WARN_UNINITIALIZED_AUTOS = YES_AGGRESSIVE;
				GCC_WARN_UNUSED_FUNCTION = YES;
				GCC_WARN_UNUSED_VARIABLE = YES;
				IPHONEOS_DEPLOYMENT_TARGET = 13.5;
				MTL_ENABLE_DEBUG_INFO = INCLUDE_SOURCE;
				MTL_FAST_MATH = YES;
				ONLY_ACTIVE_ARCH = YES;
				SDKROOT = iphoneos;
				SWIFT_ACTIVE_COMPILATION_CONDITIONS = DEBUG;
				SWIFT_OPTIMIZATION_LEVEL = "-Onone";
			};
			name = Debug;
		};
		E1DC6BAE24E4A6F700DB0A2C /* Release */ = {
			isa = XCBuildConfiguration;
			buildSettings = {
				ALWAYS_SEARCH_USER_PATHS = NO;
				CLANG_ANALYZER_NONNULL = YES;
				CLANG_ANALYZER_NUMBER_OBJECT_CONVERSION = YES_AGGRESSIVE;
				CLANG_CXX_LANGUAGE_STANDARD = "gnu++14";
				CLANG_CXX_LIBRARY = "libc++";
				CLANG_ENABLE_MODULES = YES;
				CLANG_ENABLE_OBJC_ARC = YES;
				CLANG_ENABLE_OBJC_WEAK = YES;
				CLANG_WARN_BLOCK_CAPTURE_AUTORELEASING = YES;
				CLANG_WARN_BOOL_CONVERSION = YES;
				CLANG_WARN_COMMA = YES;
				CLANG_WARN_CONSTANT_CONVERSION = YES;
				CLANG_WARN_DEPRECATED_OBJC_IMPLEMENTATIONS = YES;
				CLANG_WARN_DIRECT_OBJC_ISA_USAGE = YES_ERROR;
				CLANG_WARN_DOCUMENTATION_COMMENTS = YES;
				CLANG_WARN_EMPTY_BODY = YES;
				CLANG_WARN_ENUM_CONVERSION = YES;
				CLANG_WARN_INFINITE_RECURSION = YES;
				CLANG_WARN_INT_CONVERSION = YES;
				CLANG_WARN_NON_LITERAL_NULL_CONVERSION = YES;
				CLANG_WARN_OBJC_IMPLICIT_RETAIN_SELF = YES;
				CLANG_WARN_OBJC_LITERAL_CONVERSION = YES;
				CLANG_WARN_OBJC_ROOT_CLASS = YES_ERROR;
				CLANG_WARN_RANGE_LOOP_ANALYSIS = YES;
				CLANG_WARN_STRICT_PROTOTYPES = YES;
				CLANG_WARN_SUSPICIOUS_MOVE = YES;
				CLANG_WARN_UNGUARDED_AVAILABILITY = YES_AGGRESSIVE;
				CLANG_WARN_UNREACHABLE_CODE = YES;
				CLANG_WARN__DUPLICATE_METHOD_MATCH = YES;
				COPY_PHASE_STRIP = NO;
				DEBUG_INFORMATION_FORMAT = "dwarf-with-dsym";
				ENABLE_NS_ASSERTIONS = NO;
				ENABLE_STRICT_OBJC_MSGSEND = YES;
				GCC_C_LANGUAGE_STANDARD = gnu11;
				GCC_NO_COMMON_BLOCKS = YES;
				GCC_WARN_64_TO_32_BIT_CONVERSION = YES;
				GCC_WARN_ABOUT_RETURN_TYPE = YES_ERROR;
				GCC_WARN_UNDECLARED_SELECTOR = YES;
				GCC_WARN_UNINITIALIZED_AUTOS = YES_AGGRESSIVE;
				GCC_WARN_UNUSED_FUNCTION = YES;
				GCC_WARN_UNUSED_VARIABLE = YES;
				IPHONEOS_DEPLOYMENT_TARGET = 13.5;
				MTL_ENABLE_DEBUG_INFO = NO;
				MTL_FAST_MATH = YES;
				SDKROOT = iphoneos;
				SWIFT_COMPILATION_MODE = wholemodule;
				SWIFT_OPTIMIZATION_LEVEL = "-O";
				VALIDATE_PRODUCT = YES;
			};
			name = Release;
		};
		E1DC6BB024E4A6F700DB0A2C /* Debug */ = {
			isa = XCBuildConfiguration;
			baseConfigurationReference = A859C036EB7870DE9EE2C68B /* Pods-EncodeAndDecodeEnum.debug.xcconfig */;
			buildSettings = {
				ASSETCATALOG_COMPILER_APPICON_NAME = AppIcon;
				CLANG_ENABLE_MODULES = YES;
				CODE_SIGN_STYLE = Automatic;
				DEVELOPMENT_TEAM = 3Y3T2VA3Q3;
				INFOPLIST_FILE = "$(SRCROOT)/EncodeAndDecodeEnum/Resources/Info.plist";
				IPHONEOS_DEPLOYMENT_TARGET = 11.4;
				LD_RUNPATH_SEARCH_PATHS = (
					"$(inherited)",
					"@executable_path/Frameworks",
				);
				PRODUCT_BUNDLE_IDENTIFIER = com.experiments.EncodeAndDecodeEnum;
				PRODUCT_NAME = EncodeAndDecodeEnum;
				SWIFT_OPTIMIZATION_LEVEL = "-Onone";
				SWIFT_VERSION = 5.0;
				TARGETED_DEVICE_FAMILY = "1,2";
			};
			name = Debug;
		};
		E1DC6BB124E4A6F700DB0A2C /* Release */ = {
			isa = XCBuildConfiguration;
			baseConfigurationReference = 6C18BDE93F89A513C9CF52B9 /* Pods-EncodeAndDecodeEnum.release.xcconfig */;
			buildSettings = {
				ASSETCATALOG_COMPILER_APPICON_NAME = AppIcon;
				CLANG_ENABLE_MODULES = YES;
				CODE_SIGN_STYLE = Automatic;
				DEVELOPMENT_TEAM = 3Y3T2VA3Q3;
				INFOPLIST_FILE = "$(SRCROOT)/EncodeAndDecodeEnum/Resources/Info.plist";
				IPHONEOS_DEPLOYMENT_TARGET = 11.4;
				LD_RUNPATH_SEARCH_PATHS = (
					"$(inherited)",
					"@executable_path/Frameworks",
				);
				PRODUCT_BUNDLE_IDENTIFIER = com.experiments.EncodeAndDecodeEnum;
				PRODUCT_NAME = EncodeAndDecodeEnum;
				SWIFT_VERSION = 5.0;
				TARGETED_DEVICE_FAMILY = "1,2";
			};
			name = Release;
		};
		E1DC6BB324E4A6F700DB0A2C /* Debug */ = {
			isa = XCBuildConfiguration;
			baseConfigurationReference = FCF763248BB82AC4A1BAFE7F /* Pods-EncodeAndDecodeEnumTests.debug.xcconfig */;
			buildSettings = {
				BUNDLE_LOADER = "$(TEST_HOST)";
				CLANG_ENABLE_MODULES = YES;
				CODE_SIGN_STYLE = Automatic;
				DEVELOPMENT_TEAM = 3Y3T2VA3Q3;
				INFOPLIST_FILE = EncodeAndDecodeEnumTests/Info.plist;
				IPHONEOS_DEPLOYMENT_TARGET = 11.4;
				LD_RUNPATH_SEARCH_PATHS = (
					"$(inherited)",
					"@executable_path/Frameworks",
					"@loader_path/Frameworks",
				);
				PRODUCT_BUNDLE_IDENTIFIER = com.experiments.EncodeAndDecodeEnumTests;
				PRODUCT_NAME = "$(TARGET_NAME)";
				SWIFT_OPTIMIZATION_LEVEL = "-Onone";
				SWIFT_VERSION = 5.0;
				TARGETED_DEVICE_FAMILY = "1,2";
				TEST_HOST = "$(BUILT_PRODUCTS_DIR)/EncodeAndDecodeEnum.app/EncodeAndDecodeEnum";
			};
			name = Debug;
		};
		E1DC6BB424E4A6F700DB0A2C /* Release */ = {
			isa = XCBuildConfiguration;
			baseConfigurationReference = 2F25E252C6B5BDB8E7A10D62 /* Pods-EncodeAndDecodeEnumTests.release.xcconfig */;
			buildSettings = {
				BUNDLE_LOADER = "$(TEST_HOST)";
				CLANG_ENABLE_MODULES = YES;
				CODE_SIGN_STYLE = Automatic;
				DEVELOPMENT_TEAM = 3Y3T2VA3Q3;
				INFOPLIST_FILE = EncodeAndDecodeEnumTests/Info.plist;
				IPHONEOS_DEPLOYMENT_TARGET = 11.4;
				LD_RUNPATH_SEARCH_PATHS = (
					"$(inherited)",
					"@executable_path/Frameworks",
					"@loader_path/Frameworks",
				);
				PRODUCT_BUNDLE_IDENTIFIER = com.experiments.EncodeAndDecodeEnumTests;
				PRODUCT_NAME = "$(TARGET_NAME)";
				SWIFT_VERSION = 5.0;
				TARGETED_DEVICE_FAMILY = "1,2";
				TEST_HOST = "$(BUILT_PRODUCTS_DIR)/EncodeAndDecodeEnum.app/EncodeAndDecodeEnum";
			};
			name = Release;
		};
/* End XCBuildConfiguration section */

/* Begin XCConfigurationList section */
		E1DC6B8B24E4A6F100DB0A2C /* Build configuration list for PBXProject "EncodeAndDecodeEnum" */ = {
			isa = XCConfigurationList;
			buildConfigurations = (
				E1DC6BAD24E4A6F700DB0A2C /* Debug */,
				E1DC6BAE24E4A6F700DB0A2C /* Release */,
			);
			defaultConfigurationIsVisible = 0;
			defaultConfigurationName = Release;
		};
		E1DC6BAF24E4A6F700DB0A2C /* Build configuration list for PBXNativeTarget "EncodeAndDecodeEnum" */ = {
			isa = XCConfigurationList;
			buildConfigurations = (
				E1DC6BB024E4A6F700DB0A2C /* Debug */,
				E1DC6BB124E4A6F700DB0A2C /* Release */,
			);
			defaultConfigurationIsVisible = 0;
			defaultConfigurationName = Release;
		};
		E1DC6BB224E4A6F700DB0A2C /* Build configuration list for PBXNativeTarget "EncodeAndDecodeEnumTests" */ = {
			isa = XCConfigurationList;
			buildConfigurations = (
				E1DC6BB324E4A6F700DB0A2C /* Debug */,
				E1DC6BB424E4A6F700DB0A2C /* Release */,
			);
			defaultConfigurationIsVisible = 0;
			defaultConfigurationName = Release;
		};
/* End XCConfigurationList section */
	};
	rootObject = E1DC6B8824E4A6F100DB0A2C /* Project object */;
}
